// !$*UTF8*$!
{
	archiveVersion = 1;
	classes = {
	};
	objectVersion = 56;
	objects = {

/* Begin PBXBuildFile section */
		370D26D12B051C0B00F1F74A /* SetupTasksView.swift in Sources */ = {isa = PBXBuildFile; fileRef = 370D26D02B051C0B00F1F74A /* SetupTasksView.swift */; };
		370D26D32B051C2800F1F74A /* LogTasksView.swift in Sources */ = {isa = PBXBuildFile; fileRef = 370D26D22B051C2800F1F74A /* LogTasksView.swift */; };
		370D26D52B051CFD00F1F74A /* AddTaskView.swift in Sources */ = {isa = PBXBuildFile; fileRef = 370D26D42B051CFD00F1F74A /* AddTaskView.swift */; };
		370D26DB2B05223E00F1F74A /* TaskView.swift in Sources */ = {isa = PBXBuildFile; fileRef = 370D26DA2B05223E00F1F74A /* TaskView.swift */; };
		370D26DD2B05224700F1F74A /* AddTaskLogDayView.swift in Sources */ = {isa = PBXBuildFile; fileRef = 370D26DC2B05224700F1F74A /* AddTaskLogDayView.swift */; };
		370D26DF2B05229900F1F74A /* TaskLogDayView.swift in Sources */ = {isa = PBXBuildFile; fileRef = 370D26DE2B05229900F1F74A /* TaskLogDayView.swift */; };
		371496392B033C2B00D845A8 /* IngredientSetupView.swift in Sources */ = {isa = PBXBuildFile; fileRef = 371496382B033C2A00D845A8 /* IngredientSetupView.swift */; };
		3714963B2B033C4600D845A8 /* IntakeLoggingView.swift in Sources */ = {isa = PBXBuildFile; fileRef = 3714963A2B033C4600D845A8 /* IntakeLoggingView.swift */; };
		371496422B033D0100D845A8 /* Meal+CoreDataClass.swift in Sources */ = {isa = PBXBuildFile; fileRef = 3714963C2B033D0100D845A8 /* Meal+CoreDataClass.swift */; };
		371496432B033D0100D845A8 /* Meal+CoreDataProperties.swift in Sources */ = {isa = PBXBuildFile; fileRef = 3714963D2B033D0100D845A8 /* Meal+CoreDataProperties.swift */; };
		371496442B033D0100D845A8 /* DailyIntake+CoreDataClass.swift in Sources */ = {isa = PBXBuildFile; fileRef = 3714963E2B033D0100D845A8 /* DailyIntake+CoreDataClass.swift */; };
		371496452B033D0100D845A8 /* DailyIntake+CoreDataProperties.swift in Sources */ = {isa = PBXBuildFile; fileRef = 3714963F2B033D0100D845A8 /* DailyIntake+CoreDataProperties.swift */; };
		371496462B033D0100D845A8 /* Ingredients+CoreDataClass.swift in Sources */ = {isa = PBXBuildFile; fileRef = 371496402B033D0100D845A8 /* Ingredients+CoreDataClass.swift */; };
		371496472B033D0100D845A8 /* Ingredients+CoreDataProperties.swift in Sources */ = {isa = PBXBuildFile; fileRef = 371496412B033D0100D845A8 /* Ingredients+CoreDataProperties.swift */; };
		371496492B033DF300D845A8 /* AddIngredientView.swift in Sources */ = {isa = PBXBuildFile; fileRef = 371496482B033DF300D845A8 /* AddIngredientView.swift */; };
		3714964B2B0340B600D845A8 /* IngredientView.swift in Sources */ = {isa = PBXBuildFile; fileRef = 3714964A2B0340B600D845A8 /* IngredientView.swift */; };
		3714964D2B03436A00D845A8 /* AddDailyIntakeView.swift in Sources */ = {isa = PBXBuildFile; fileRef = 3714964C2B03436A00D845A8 /* AddDailyIntakeView.swift */; };
		3714964F2B0343B100D845A8 /* DailyIntakeView.swift in Sources */ = {isa = PBXBuildFile; fileRef = 3714964E2B0343B100D845A8 /* DailyIntakeView.swift */; };
		371496512B034DF500D845A8 /* AddMealView.swift in Sources */ = {isa = PBXBuildFile; fileRef = 371496502B034DF500D845A8 /* AddMealView.swift */; };
		37175CF22B03EC1900067261 /* MealView.swift in Sources */ = {isa = PBXBuildFile; fileRef = 37175CF12B03EC1900067261 /* MealView.swift */; };
		373AB0FF2B009AE50006114B /* AddClimbView.swift in Sources */ = {isa = PBXBuildFile; fileRef = 373AB0FE2B009AE50006114B /* AddClimbView.swift */; };
		373AB1012B009B0A0006114B /* ClimbView.swift in Sources */ = {isa = PBXBuildFile; fileRef = 373AB1002B009B0A0006114B /* ClimbView.swift */; };
		373AB1032B00A5600006114B /* SessionsView.swift in Sources */ = {isa = PBXBuildFile; fileRef = 373AB1022B00A5600006114B /* SessionsView.swift */; };
		373AB1062B00C1560006114B /* Session+CoreDataClass.swift in Sources */ = {isa = PBXBuildFile; fileRef = 373AB1042B00C1560006114B /* Session+CoreDataClass.swift */; };
		373AB1072B00C1560006114B /* Session+CoreDataProperties.swift in Sources */ = {isa = PBXBuildFile; fileRef = 373AB1052B00C1560006114B /* Session+CoreDataProperties.swift */; };
		373AB1092B00C5370006114B /* AddSessionView.swift in Sources */ = {isa = PBXBuildFile; fileRef = 373AB1082B00C5370006114B /* AddSessionView.swift */; };
		373AB10B2B00C7F40006114B /* ClimbSessionView.swift in Sources */ = {isa = PBXBuildFile; fileRef = 373AB10A2B00C7F40006114B /* ClimbSessionView.swift */; };
		373AB10D2B00D6EB0006114B /* Dateutils.swift in Sources */ = {isa = PBXBuildFile; fileRef = 373AB10C2B00D6EB0006114B /* Dateutils.swift */; };
		373AB1102B0121B80006114B /* NutritionView.swift in Sources */ = {isa = PBXBuildFile; fileRef = 373AB10F2B0121B80006114B /* NutritionView.swift */; };
		373AB1122B0121E20006114B /* RoutineView.swift in Sources */ = {isa = PBXBuildFile; fileRef = 373AB1112B0121E20006114B /* RoutineView.swift */; };
		373AB1142B0122220006114B /* ExercicesView.swift in Sources */ = {isa = PBXBuildFile; fileRef = 373AB1132B0122220006114B /* ExercicesView.swift */; };
		373AB1162B0126040006114B /* ClimbingExercicesView.swift in Sources */ = {isa = PBXBuildFile; fileRef = 373AB1152B0126040006114B /* ClimbingExercicesView.swift */; };
		373AB1182B0126160006114B /* LiftingExercicesView.swift in Sources */ = {isa = PBXBuildFile; fileRef = 373AB1172B0126160006114B /* LiftingExercicesView.swift */; };
		373AB11A2B0126200006114B /* CardioExercicesView.swift in Sources */ = {isa = PBXBuildFile; fileRef = 373AB1192B0126200006114B /* CardioExercicesView.swift */; };
		373AB11C2B0127E40006114B /* AddExerciceView.swift in Sources */ = {isa = PBXBuildFile; fileRef = 373AB11B2B0127E40006114B /* AddExerciceView.swift */; };
		373AB1272B01305F0006114B /* ExerciceView.swift in Sources */ = {isa = PBXBuildFile; fileRef = 373AB1262B01305F0006114B /* ExerciceView.swift */; };
		373AB12C2B0131770006114B /* ExerciseLog+CoreDataClass.swift in Sources */ = {isa = PBXBuildFile; fileRef = 373AB1282B0131770006114B /* ExerciseLog+CoreDataClass.swift */; };
		373AB12D2B0131770006114B /* ExerciseLog+CoreDataProperties.swift in Sources */ = {isa = PBXBuildFile; fileRef = 373AB1292B0131770006114B /* ExerciseLog+CoreDataProperties.swift */; };
		373AB12E2B0131770006114B /* Exercise+CoreDataClass.swift in Sources */ = {isa = PBXBuildFile; fileRef = 373AB12A2B0131770006114B /* Exercise+CoreDataClass.swift */; };
		373AB12F2B0131770006114B /* Exercise+CoreDataProperties.swift in Sources */ = {isa = PBXBuildFile; fileRef = 373AB12B2B0131770006114B /* Exercise+CoreDataProperties.swift */; };
		373AB1322B013C1F0006114B /* SessionView.swift in Sources */ = {isa = PBXBuildFile; fileRef = 373AB1312B013C1F0006114B /* SessionView.swift */; };
		373AB1342B013C4A0006114B /* WorkoutSessionView.swift in Sources */ = {isa = PBXBuildFile; fileRef = 373AB1332B013C4A0006114B /* WorkoutSessionView.swift */; };
		373CFE7F2B0C1946000BFE2B /* TaskDay+CoreDataClass.swift in Sources */ = {isa = PBXBuildFile; fileRef = 373CFE7D2B0C1946000BFE2B /* TaskDay+CoreDataClass.swift */; };
		373CFE802B0C1946000BFE2B /* TaskDay+CoreDataProperties.swift in Sources */ = {isa = PBXBuildFile; fileRef = 373CFE7E2B0C1946000BFE2B /* TaskDay+CoreDataProperties.swift */; };
		373CFE832B0C1988000BFE2B /* Task+CoreDataClass.swift in Sources */ = {isa = PBXBuildFile; fileRef = 373CFE812B0C1988000BFE2B /* Task+CoreDataClass.swift */; };
		373CFE842B0C1988000BFE2B /* Task+CoreDataProperties.swift in Sources */ = {isa = PBXBuildFile; fileRef = 373CFE822B0C1988000BFE2B /* Task+CoreDataProperties.swift */; };
		3746881C2AFCC4E000E06029 /* LifeRhythmApp.swift in Sources */ = {isa = PBXBuildFile; fileRef = 3746881B2AFCC4E000E06029 /* LifeRhythmApp.swift */; };
		3746881E2AFCC4E000E06029 /* ContentView.swift in Sources */ = {isa = PBXBuildFile; fileRef = 3746881D2AFCC4E000E06029 /* ContentView.swift */; };
		374688202AFCC4E200E06029 /* Assets.xcassets in Resources */ = {isa = PBXBuildFile; fileRef = 3746881F2AFCC4E200E06029 /* Assets.xcassets */; };
		374688232AFCC4E200E06029 /* Preview Assets.xcassets in Resources */ = {isa = PBXBuildFile; fileRef = 374688222AFCC4E200E06029 /* Preview Assets.xcassets */; };
		374688252AFCC4E200E06029 /* Persistence.swift in Sources */ = {isa = PBXBuildFile; fileRef = 374688242AFCC4E200E06029 /* Persistence.swift */; };
		374688282AFCC4E200E06029 /* LifeRhythm.xcdatamodeld in Sources */ = {isa = PBXBuildFile; fileRef = 374688262AFCC4E200E06029 /* LifeRhythm.xcdatamodeld */; };
		374688342AFCC4E300E06029 /* LifeRhythmTests.swift in Sources */ = {isa = PBXBuildFile; fileRef = 374688332AFCC4E300E06029 /* LifeRhythmTests.swift */; };
		3746883E2AFCC4E300E06029 /* LifeRhythmUITests.swift in Sources */ = {isa = PBXBuildFile; fileRef = 3746883D2AFCC4E300E06029 /* LifeRhythmUITests.swift */; };
		374688402AFCC4E300E06029 /* LifeRhythmUITestsLaunchTests.swift in Sources */ = {isa = PBXBuildFile; fileRef = 3746883F2AFCC4E300E06029 /* LifeRhythmUITestsLaunchTests.swift */; };
		37E043F82B02783B003D59C6 /* ExportView.swift in Sources */ = {isa = PBXBuildFile; fileRef = 37E043F72B02783B003D59C6 /* ExportView.swift */; };
		37E043FA2B027BA3003D59C6 /* JsonUtils.swift in Sources */ = {isa = PBXBuildFile; fileRef = 37E043F92B027BA3003D59C6 /* JsonUtils.swift */; };
		37E043FD2B028B6E003D59C6 /* exporter.swift in Sources */ = {isa = PBXBuildFile; fileRef = 37E043FC2B028B6E003D59C6 /* exporter.swift */; };
		37F919EC2AFF15F50031505E /* AddLocationView.swift in Sources */ = {isa = PBXBuildFile; fileRef = 37F919EB2AFF15F50031505E /* AddLocationView.swift */; };
		37F919F42B0087230031505E /* SetView.swift in Sources */ = {isa = PBXBuildFile; fileRef = 37F919F32B0087230031505E /* SetView.swift */; };
		37F919F62B00894F0031505E /* AddSetView.swift in Sources */ = {isa = PBXBuildFile; fileRef = 37F919F52B00894F0031505E /* AddSetView.swift */; };
		37F919F92B008FD40031505E /* Location+CoreDataClass.swift in Sources */ = {isa = PBXBuildFile; fileRef = 37F919F72B008FD40031505E /* Location+CoreDataClass.swift */; };
		37F919FA2B008FD40031505E /* Location+CoreDataProperties.swift in Sources */ = {isa = PBXBuildFile; fileRef = 37F919F82B008FD40031505E /* Location+CoreDataProperties.swift */; };
		37F9A2DA2AFE7AE8002775CE /* Set+CoreDataClass.swift in Sources */ = {isa = PBXBuildFile; fileRef = 37F9A2D02AFE7AE8002775CE /* Set+CoreDataClass.swift */; };
		37F9A2DB2AFE7AE8002775CE /* Set+CoreDataProperties.swift in Sources */ = {isa = PBXBuildFile; fileRef = 37F9A2D12AFE7AE8002775CE /* Set+CoreDataProperties.swift */; };
		37F9A2DE2AFE7AE8002775CE /* Attempt+CoreDataClass.swift in Sources */ = {isa = PBXBuildFile; fileRef = 37F9A2D42AFE7AE8002775CE /* Attempt+CoreDataClass.swift */; };
		37F9A2DF2AFE7AE8002775CE /* Attempt+CoreDataProperties.swift in Sources */ = {isa = PBXBuildFile; fileRef = 37F9A2D52AFE7AE8002775CE /* Attempt+CoreDataProperties.swift */; };
		37F9A2E02AFE7AE8002775CE /* Climb+CoreDataClass.swift in Sources */ = {isa = PBXBuildFile; fileRef = 37F9A2D62AFE7AE8002775CE /* Climb+CoreDataClass.swift */; };
		37F9A2E12AFE7AE8002775CE /* Climb+CoreDataProperties.swift in Sources */ = {isa = PBXBuildFile; fileRef = 37F9A2D72AFE7AE8002775CE /* Climb+CoreDataProperties.swift */; };
		37F9A2E42AFE8723002775CE /* LocationsView.swift in Sources */ = {isa = PBXBuildFile; fileRef = 37F9A2E32AFE8723002775CE /* LocationsView.swift */; };
		37FCB56A2AFF112500A286CC /* LocationView.swift in Sources */ = {isa = PBXBuildFile; fileRef = 37FCB5692AFF112500A286CC /* LocationView.swift */; };
/* End PBXBuildFile section */

/* Begin PBXContainerItemProxy section */
		374688302AFCC4E300E06029 /* PBXContainerItemProxy */ = {
			isa = PBXContainerItemProxy;
			containerPortal = 374688102AFCC4E000E06029 /* Project object */;
			proxyType = 1;
			remoteGlobalIDString = 374688172AFCC4E000E06029;
			remoteInfo = LifeRhythm;
		};
		3746883A2AFCC4E300E06029 /* PBXContainerItemProxy */ = {
			isa = PBXContainerItemProxy;
			containerPortal = 374688102AFCC4E000E06029 /* Project object */;
			proxyType = 1;
			remoteGlobalIDString = 374688172AFCC4E000E06029;
			remoteInfo = LifeRhythm;
		};
/* End PBXContainerItemProxy section */

/* Begin PBXFileReference section */
		370D26D02B051C0B00F1F74A /* SetupTasksView.swift */ = {isa = PBXFileReference; lastKnownFileType = sourcecode.swift; path = SetupTasksView.swift; sourceTree = "<group>"; };
		370D26D22B051C2800F1F74A /* LogTasksView.swift */ = {isa = PBXFileReference; lastKnownFileType = sourcecode.swift; path = LogTasksView.swift; sourceTree = "<group>"; };
		370D26D42B051CFD00F1F74A /* AddTaskView.swift */ = {isa = PBXFileReference; lastKnownFileType = sourcecode.swift; path = AddTaskView.swift; sourceTree = "<group>"; };
		370D26DA2B05223E00F1F74A /* TaskView.swift */ = {isa = PBXFileReference; lastKnownFileType = sourcecode.swift; path = TaskView.swift; sourceTree = "<group>"; };
		370D26DC2B05224700F1F74A /* AddTaskLogDayView.swift */ = {isa = PBXFileReference; lastKnownFileType = sourcecode.swift; path = AddTaskLogDayView.swift; sourceTree = "<group>"; };
		370D26DE2B05229900F1F74A /* TaskLogDayView.swift */ = {isa = PBXFileReference; lastKnownFileType = sourcecode.swift; path = TaskLogDayView.swift; sourceTree = "<group>"; };
		371496382B033C2A00D845A8 /* IngredientSetupView.swift */ = {isa = PBXFileReference; lastKnownFileType = sourcecode.swift; path = IngredientSetupView.swift; sourceTree = "<group>"; };
		3714963A2B033C4600D845A8 /* IntakeLoggingView.swift */ = {isa = PBXFileReference; lastKnownFileType = sourcecode.swift; path = IntakeLoggingView.swift; sourceTree = "<group>"; };
		3714963C2B033D0100D845A8 /* Meal+CoreDataClass.swift */ = {isa = PBXFileReference; lastKnownFileType = sourcecode.swift; path = "Meal+CoreDataClass.swift"; sourceTree = "<group>"; };
		3714963D2B033D0100D845A8 /* Meal+CoreDataProperties.swift */ = {isa = PBXFileReference; lastKnownFileType = sourcecode.swift; path = "Meal+CoreDataProperties.swift"; sourceTree = "<group>"; };
		3714963E2B033D0100D845A8 /* DailyIntake+CoreDataClass.swift */ = {isa = PBXFileReference; lastKnownFileType = sourcecode.swift; path = "DailyIntake+CoreDataClass.swift"; sourceTree = "<group>"; };
		3714963F2B033D0100D845A8 /* DailyIntake+CoreDataProperties.swift */ = {isa = PBXFileReference; lastKnownFileType = sourcecode.swift; path = "DailyIntake+CoreDataProperties.swift"; sourceTree = "<group>"; };
		371496402B033D0100D845A8 /* Ingredients+CoreDataClass.swift */ = {isa = PBXFileReference; lastKnownFileType = sourcecode.swift; path = "Ingredients+CoreDataClass.swift"; sourceTree = "<group>"; };
		371496412B033D0100D845A8 /* Ingredients+CoreDataProperties.swift */ = {isa = PBXFileReference; lastKnownFileType = sourcecode.swift; path = "Ingredients+CoreDataProperties.swift"; sourceTree = "<group>"; };
		371496482B033DF300D845A8 /* AddIngredientView.swift */ = {isa = PBXFileReference; lastKnownFileType = sourcecode.swift; path = AddIngredientView.swift; sourceTree = "<group>"; };
		3714964A2B0340B600D845A8 /* IngredientView.swift */ = {isa = PBXFileReference; lastKnownFileType = sourcecode.swift; path = IngredientView.swift; sourceTree = "<group>"; };
		3714964C2B03436A00D845A8 /* AddDailyIntakeView.swift */ = {isa = PBXFileReference; lastKnownFileType = sourcecode.swift; path = AddDailyIntakeView.swift; sourceTree = "<group>"; };
		3714964E2B0343B100D845A8 /* DailyIntakeView.swift */ = {isa = PBXFileReference; lastKnownFileType = sourcecode.swift; path = DailyIntakeView.swift; sourceTree = "<group>"; };
		371496502B034DF500D845A8 /* AddMealView.swift */ = {isa = PBXFileReference; lastKnownFileType = sourcecode.swift; path = AddMealView.swift; sourceTree = "<group>"; };
		37175CF12B03EC1900067261 /* MealView.swift */ = {isa = PBXFileReference; lastKnownFileType = sourcecode.swift; path = MealView.swift; sourceTree = "<group>"; };
		373AB0FE2B009AE50006114B /* AddClimbView.swift */ = {isa = PBXFileReference; lastKnownFileType = sourcecode.swift; path = AddClimbView.swift; sourceTree = "<group>"; };
		373AB1002B009B0A0006114B /* ClimbView.swift */ = {isa = PBXFileReference; lastKnownFileType = sourcecode.swift; path = ClimbView.swift; sourceTree = "<group>"; };
		373AB1022B00A5600006114B /* SessionsView.swift */ = {isa = PBXFileReference; lastKnownFileType = sourcecode.swift; path = SessionsView.swift; sourceTree = "<group>"; };
		373AB1042B00C1560006114B /* Session+CoreDataClass.swift */ = {isa = PBXFileReference; lastKnownFileType = sourcecode.swift; path = "Session+CoreDataClass.swift"; sourceTree = "<group>"; };
		373AB1052B00C1560006114B /* Session+CoreDataProperties.swift */ = {isa = PBXFileReference; lastKnownFileType = sourcecode.swift; path = "Session+CoreDataProperties.swift"; sourceTree = "<group>"; };
		373AB1082B00C5370006114B /* AddSessionView.swift */ = {isa = PBXFileReference; lastKnownFileType = sourcecode.swift; path = AddSessionView.swift; sourceTree = "<group>"; };
		373AB10A2B00C7F40006114B /* ClimbSessionView.swift */ = {isa = PBXFileReference; lastKnownFileType = sourcecode.swift; path = ClimbSessionView.swift; sourceTree = "<group>"; };
		373AB10C2B00D6EB0006114B /* Dateutils.swift */ = {isa = PBXFileReference; lastKnownFileType = sourcecode.swift; path = Dateutils.swift; sourceTree = "<group>"; };
		373AB10F2B0121B80006114B /* NutritionView.swift */ = {isa = PBXFileReference; lastKnownFileType = sourcecode.swift; path = NutritionView.swift; sourceTree = "<group>"; };
		373AB1112B0121E20006114B /* RoutineView.swift */ = {isa = PBXFileReference; lastKnownFileType = sourcecode.swift; path = RoutineView.swift; sourceTree = "<group>"; };
		373AB1132B0122220006114B /* ExercicesView.swift */ = {isa = PBXFileReference; lastKnownFileType = sourcecode.swift; path = ExercicesView.swift; sourceTree = "<group>"; };
		373AB1152B0126040006114B /* ClimbingExercicesView.swift */ = {isa = PBXFileReference; lastKnownFileType = sourcecode.swift; path = ClimbingExercicesView.swift; sourceTree = "<group>"; };
		373AB1172B0126160006114B /* LiftingExercicesView.swift */ = {isa = PBXFileReference; lastKnownFileType = sourcecode.swift; path = LiftingExercicesView.swift; sourceTree = "<group>"; };
		373AB1192B0126200006114B /* CardioExercicesView.swift */ = {isa = PBXFileReference; lastKnownFileType = sourcecode.swift; path = CardioExercicesView.swift; sourceTree = "<group>"; };
		373AB11B2B0127E40006114B /* AddExerciceView.swift */ = {isa = PBXFileReference; lastKnownFileType = sourcecode.swift; path = AddExerciceView.swift; sourceTree = "<group>"; };
		373AB1262B01305F0006114B /* ExerciceView.swift */ = {isa = PBXFileReference; lastKnownFileType = sourcecode.swift; path = ExerciceView.swift; sourceTree = "<group>"; };
		373AB1282B0131770006114B /* ExerciseLog+CoreDataClass.swift */ = {isa = PBXFileReference; lastKnownFileType = sourcecode.swift; path = "ExerciseLog+CoreDataClass.swift"; sourceTree = "<group>"; };
		373AB1292B0131770006114B /* ExerciseLog+CoreDataProperties.swift */ = {isa = PBXFileReference; lastKnownFileType = sourcecode.swift; path = "ExerciseLog+CoreDataProperties.swift"; sourceTree = "<group>"; };
		373AB12A2B0131770006114B /* Exercise+CoreDataClass.swift */ = {isa = PBXFileReference; lastKnownFileType = sourcecode.swift; path = "Exercise+CoreDataClass.swift"; sourceTree = "<group>"; };
		373AB12B2B0131770006114B /* Exercise+CoreDataProperties.swift */ = {isa = PBXFileReference; lastKnownFileType = sourcecode.swift; path = "Exercise+CoreDataProperties.swift"; sourceTree = "<group>"; };
		373AB1312B013C1F0006114B /* SessionView.swift */ = {isa = PBXFileReference; lastKnownFileType = sourcecode.swift; path = SessionView.swift; sourceTree = "<group>"; };
		373AB1332B013C4A0006114B /* WorkoutSessionView.swift */ = {isa = PBXFileReference; lastKnownFileType = sourcecode.swift; path = WorkoutSessionView.swift; sourceTree = "<group>"; };
		373CFE7D2B0C1946000BFE2B /* TaskDay+CoreDataClass.swift */ = {isa = PBXFileReference; lastKnownFileType = sourcecode.swift; path = "TaskDay+CoreDataClass.swift"; sourceTree = "<group>"; };
		373CFE7E2B0C1946000BFE2B /* TaskDay+CoreDataProperties.swift */ = {isa = PBXFileReference; lastKnownFileType = sourcecode.swift; path = "TaskDay+CoreDataProperties.swift"; sourceTree = "<group>"; };
		373CFE812B0C1988000BFE2B /* Task+CoreDataClass.swift */ = {isa = PBXFileReference; lastKnownFileType = sourcecode.swift; path = "Task+CoreDataClass.swift"; sourceTree = "<group>"; };
		373CFE822B0C1988000BFE2B /* Task+CoreDataProperties.swift */ = {isa = PBXFileReference; lastKnownFileType = sourcecode.swift; path = "Task+CoreDataProperties.swift"; sourceTree = "<group>"; };
		374688182AFCC4E000E06029 /* LifeRhythm.app */ = {isa = PBXFileReference; explicitFileType = wrapper.application; includeInIndex = 0; path = LifeRhythm.app; sourceTree = BUILT_PRODUCTS_DIR; };
		3746881B2AFCC4E000E06029 /* LifeRhythmApp.swift */ = {isa = PBXFileReference; lastKnownFileType = sourcecode.swift; path = LifeRhythmApp.swift; sourceTree = "<group>"; };
		3746881D2AFCC4E000E06029 /* ContentView.swift */ = {isa = PBXFileReference; lastKnownFileType = sourcecode.swift; path = ContentView.swift; sourceTree = "<group>"; };
		3746881F2AFCC4E200E06029 /* Assets.xcassets */ = {isa = PBXFileReference; lastKnownFileType = folder.assetcatalog; path = Assets.xcassets; sourceTree = "<group>"; };
		374688222AFCC4E200E06029 /* Preview Assets.xcassets */ = {isa = PBXFileReference; lastKnownFileType = folder.assetcatalog; path = "Preview Assets.xcassets"; sourceTree = "<group>"; };
		374688242AFCC4E200E06029 /* Persistence.swift */ = {isa = PBXFileReference; lastKnownFileType = sourcecode.swift; path = Persistence.swift; sourceTree = "<group>"; };
		374688272AFCC4E200E06029 /* LifeRhythm.xcdatamodel */ = {isa = PBXFileReference; lastKnownFileType = wrapper.xcdatamodel; path = LifeRhythm.xcdatamodel; sourceTree = "<group>"; };
		374688292AFCC4E200E06029 /* LifeRhythm.entitlements */ = {isa = PBXFileReference; lastKnownFileType = text.plist.entitlements; path = LifeRhythm.entitlements; sourceTree = "<group>"; };
		3746882A2AFCC4E200E06029 /* Info.plist */ = {isa = PBXFileReference; lastKnownFileType = text.plist.xml; path = Info.plist; sourceTree = "<group>"; };
		3746882F2AFCC4E300E06029 /* LifeRhythmTests.xctest */ = {isa = PBXFileReference; explicitFileType = wrapper.cfbundle; includeInIndex = 0; path = LifeRhythmTests.xctest; sourceTree = BUILT_PRODUCTS_DIR; };
		374688332AFCC4E300E06029 /* LifeRhythmTests.swift */ = {isa = PBXFileReference; lastKnownFileType = sourcecode.swift; path = LifeRhythmTests.swift; sourceTree = "<group>"; };
		374688392AFCC4E300E06029 /* LifeRhythmUITests.xctest */ = {isa = PBXFileReference; explicitFileType = wrapper.cfbundle; includeInIndex = 0; path = LifeRhythmUITests.xctest; sourceTree = BUILT_PRODUCTS_DIR; };
		3746883D2AFCC4E300E06029 /* LifeRhythmUITests.swift */ = {isa = PBXFileReference; lastKnownFileType = sourcecode.swift; path = LifeRhythmUITests.swift; sourceTree = "<group>"; };
		3746883F2AFCC4E300E06029 /* LifeRhythmUITestsLaunchTests.swift */ = {isa = PBXFileReference; lastKnownFileType = sourcecode.swift; path = LifeRhythmUITestsLaunchTests.swift; sourceTree = "<group>"; };
		37E043F72B02783B003D59C6 /* ExportView.swift */ = {isa = PBXFileReference; lastKnownFileType = sourcecode.swift; path = ExportView.swift; sourceTree = "<group>"; };
		37E043F92B027BA3003D59C6 /* JsonUtils.swift */ = {isa = PBXFileReference; lastKnownFileType = sourcecode.swift; path = JsonUtils.swift; sourceTree = "<group>"; };
		37E043FB2B028506003D59C6 /* LifeRhythm2.xcdatamodel */ = {isa = PBXFileReference; lastKnownFileType = wrapper.xcdatamodel; path = LifeRhythm2.xcdatamodel; sourceTree = "<group>"; };
		37E043FC2B028B6E003D59C6 /* exporter.swift */ = {isa = PBXFileReference; lastKnownFileType = sourcecode.swift; path = exporter.swift; sourceTree = "<group>"; };
		37F919EB2AFF15F50031505E /* AddLocationView.swift */ = {isa = PBXFileReference; lastKnownFileType = sourcecode.swift; path = AddLocationView.swift; sourceTree = "<group>"; };
		37F919F32B0087230031505E /* SetView.swift */ = {isa = PBXFileReference; lastKnownFileType = sourcecode.swift; path = SetView.swift; sourceTree = "<group>"; };
		37F919F52B00894F0031505E /* AddSetView.swift */ = {isa = PBXFileReference; lastKnownFileType = sourcecode.swift; path = AddSetView.swift; sourceTree = "<group>"; };
		37F919F72B008FD40031505E /* Location+CoreDataClass.swift */ = {isa = PBXFileReference; lastKnownFileType = sourcecode.swift; path = "Location+CoreDataClass.swift"; sourceTree = "<group>"; };
		37F919F82B008FD40031505E /* Location+CoreDataProperties.swift */ = {isa = PBXFileReference; lastKnownFileType = sourcecode.swift; path = "Location+CoreDataProperties.swift"; sourceTree = "<group>"; };
		37F9A2D02AFE7AE8002775CE /* Set+CoreDataClass.swift */ = {isa = PBXFileReference; lastKnownFileType = sourcecode.swift; path = "Set+CoreDataClass.swift"; sourceTree = "<group>"; };
		37F9A2D12AFE7AE8002775CE /* Set+CoreDataProperties.swift */ = {isa = PBXFileReference; lastKnownFileType = sourcecode.swift; path = "Set+CoreDataProperties.swift"; sourceTree = "<group>"; };
		37F9A2D42AFE7AE8002775CE /* Attempt+CoreDataClass.swift */ = {isa = PBXFileReference; lastKnownFileType = sourcecode.swift; path = "Attempt+CoreDataClass.swift"; sourceTree = "<group>"; };
		37F9A2D52AFE7AE8002775CE /* Attempt+CoreDataProperties.swift */ = {isa = PBXFileReference; lastKnownFileType = sourcecode.swift; path = "Attempt+CoreDataProperties.swift"; sourceTree = "<group>"; };
		37F9A2D62AFE7AE8002775CE /* Climb+CoreDataClass.swift */ = {isa = PBXFileReference; lastKnownFileType = sourcecode.swift; path = "Climb+CoreDataClass.swift"; sourceTree = "<group>"; };
		37F9A2D72AFE7AE8002775CE /* Climb+CoreDataProperties.swift */ = {isa = PBXFileReference; lastKnownFileType = sourcecode.swift; path = "Climb+CoreDataProperties.swift"; sourceTree = "<group>"; };
		37F9A2E32AFE8723002775CE /* LocationsView.swift */ = {isa = PBXFileReference; lastKnownFileType = sourcecode.swift; path = LocationsView.swift; sourceTree = "<group>"; };
		37FCB5692AFF112500A286CC /* LocationView.swift */ = {isa = PBXFileReference; lastKnownFileType = sourcecode.swift; path = LocationView.swift; sourceTree = "<group>"; };
/* End PBXFileReference section */

/* Begin PBXFrameworksBuildPhase section */
		374688152AFCC4E000E06029 /* Frameworks */ = {
			isa = PBXFrameworksBuildPhase;
			buildActionMask = 2147483647;
			files = (
			);
			runOnlyForDeploymentPostprocessing = 0;
		};
		3746882C2AFCC4E300E06029 /* Frameworks */ = {
			isa = PBXFrameworksBuildPhase;
			buildActionMask = 2147483647;
			files = (
			);
			runOnlyForDeploymentPostprocessing = 0;
		};
		374688362AFCC4E300E06029 /* Frameworks */ = {
			isa = PBXFrameworksBuildPhase;
			buildActionMask = 2147483647;
			files = (
			);
			runOnlyForDeploymentPostprocessing = 0;
		};
/* End PBXFrameworksBuildPhase section */

/* Begin PBXGroup section */
		370D26CF2B051BE500F1F74A /* Routine */ = {
			isa = PBXGroup;
			children = (
				370D26D02B051C0B00F1F74A /* SetupTasksView.swift */,
				370D26D42B051CFD00F1F74A /* AddTaskView.swift */,
				370D26DA2B05223E00F1F74A /* TaskView.swift */,
				370D26D22B051C2800F1F74A /* LogTasksView.swift */,
				370D26DC2B05224700F1F74A /* AddTaskLogDayView.swift */,
				370D26DE2B05229900F1F74A /* TaskLogDayView.swift */,
			);
			path = Routine;
			sourceTree = "<group>";
		};
		371496372B033C0D00D845A8 /* Nutrition */ = {
			isa = PBXGroup;
			children = (
				371496382B033C2A00D845A8 /* IngredientSetupView.swift */,
				371496482B033DF300D845A8 /* AddIngredientView.swift */,
				3714964A2B0340B600D845A8 /* IngredientView.swift */,
				3714963A2B033C4600D845A8 /* IntakeLoggingView.swift */,
				3714964C2B03436A00D845A8 /* AddDailyIntakeView.swift */,
				3714964E2B0343B100D845A8 /* DailyIntakeView.swift */,
				371496502B034DF500D845A8 /* AddMealView.swift */,
				37175CF12B03EC1900067261 /* MealView.swift */,
			);
			path = Nutrition;
			sourceTree = "<group>";
		};
		373AB10E2B0120F50006114B /* Setup Climbing */ = {
			isa = PBXGroup;
			children = (
				37F919EB2AFF15F50031505E /* AddLocationView.swift */,
				37F919F32B0087230031505E /* SetView.swift */,
				37FCB5692AFF112500A286CC /* LocationView.swift */,
				37F919F52B00894F0031505E /* AddSetView.swift */,
				373AB0FE2B009AE50006114B /* AddClimbView.swift */,
				373AB1002B009B0A0006114B /* ClimbView.swift */,
				37F9A2E32AFE8723002775CE /* LocationsView.swift */,
			);
			path = "Setup Climbing";
			sourceTree = "<group>";
		};
		373AB1252B012F720006114B /* Setup Exercise */ = {
			isa = PBXGroup;
			children = (
				373AB1172B0126160006114B /* LiftingExercicesView.swift */,
				373AB1192B0126200006114B /* CardioExercicesView.swift */,
				373AB11B2B0127E40006114B /* AddExerciceView.swift */,
				373AB1152B0126040006114B /* ClimbingExercicesView.swift */,
				373AB1262B01305F0006114B /* ExerciceView.swift */,
			);
			path = "Setup Exercise";
			sourceTree = "<group>";
		};
		373AB1302B0137920006114B /* Sessions */ = {
			isa = PBXGroup;
			children = (
				373AB10A2B00C7F40006114B /* ClimbSessionView.swift */,
				373AB1082B00C5370006114B /* AddSessionView.swift */,
				373AB1312B013C1F0006114B /* SessionView.swift */,
				373AB1332B013C4A0006114B /* WorkoutSessionView.swift */,
			);
			path = Sessions;
			sourceTree = "<group>";
		};
		3746880F2AFCC4E000E06029 = {
			isa = PBXGroup;
			children = (
				3746881A2AFCC4E000E06029 /* LifeRhythm */,
				374688322AFCC4E300E06029 /* LifeRhythmTests */,
				3746883C2AFCC4E300E06029 /* LifeRhythmUITests */,
				374688192AFCC4E000E06029 /* Products */,
			);
			sourceTree = "<group>";
		};
		374688192AFCC4E000E06029 /* Products */ = {
			isa = PBXGroup;
			children = (
				374688182AFCC4E000E06029 /* LifeRhythm.app */,
				3746882F2AFCC4E300E06029 /* LifeRhythmTests.xctest */,
				374688392AFCC4E300E06029 /* LifeRhythmUITests.xctest */,
			);
			name = Products;
			sourceTree = "<group>";
		};
		3746881A2AFCC4E000E06029 /* LifeRhythm */ = {
			isa = PBXGroup;
			children = (
				3746881B2AFCC4E000E06029 /* LifeRhythmApp.swift */,
				3746881D2AFCC4E000E06029 /* ContentView.swift */,
				374688242AFCC4E200E06029 /* Persistence.swift */,
				374688262AFCC4E200E06029 /* LifeRhythm.xcdatamodeld */,
				37F9A2E22AFE86E1002775CE /* Views */,
				37F9A2CD2AFE7A23002775CE /* CoreDataClass */,
				37E043F42B02129D003D59C6 /* utils */,
				3746881F2AFCC4E200E06029 /* Assets.xcassets */,
				374688292AFCC4E200E06029 /* LifeRhythm.entitlements */,
				3746882A2AFCC4E200E06029 /* Info.plist */,
				374688212AFCC4E200E06029 /* Preview Content */,
			);
			path = LifeRhythm;
			sourceTree = "<group>";
		};
		374688212AFCC4E200E06029 /* Preview Content */ = {
			isa = PBXGroup;
			children = (
				374688222AFCC4E200E06029 /* Preview Assets.xcassets */,
			);
			path = "Preview Content";
			sourceTree = "<group>";
		};
		374688322AFCC4E300E06029 /* LifeRhythmTests */ = {
			isa = PBXGroup;
			children = (
				374688332AFCC4E300E06029 /* LifeRhythmTests.swift */,
			);
			path = LifeRhythmTests;
			sourceTree = "<group>";
		};
		3746883C2AFCC4E300E06029 /* LifeRhythmUITests */ = {
			isa = PBXGroup;
			children = (
				3746883D2AFCC4E300E06029 /* LifeRhythmUITests.swift */,
				3746883F2AFCC4E300E06029 /* LifeRhythmUITestsLaunchTests.swift */,
			);
			path = LifeRhythmUITests;
			sourceTree = "<group>";
		};
		37E043F42B02129D003D59C6 /* utils */ = {
			isa = PBXGroup;
			children = (
				373AB10C2B00D6EB0006114B /* Dateutils.swift */,
				37E043F92B027BA3003D59C6 /* JsonUtils.swift */,
				37E043FC2B028B6E003D59C6 /* exporter.swift */,
			);
			path = utils;
			sourceTree = "<group>";
		};
		37F9A2CD2AFE7A23002775CE /* CoreDataClass */ = {
			isa = PBXGroup;
			children = (
				373CFE812B0C1988000BFE2B /* Task+CoreDataClass.swift */,
				373CFE822B0C1988000BFE2B /* Task+CoreDataProperties.swift */,
				373CFE7D2B0C1946000BFE2B /* TaskDay+CoreDataClass.swift */,
				373CFE7E2B0C1946000BFE2B /* TaskDay+CoreDataProperties.swift */,
				3714963C2B033D0100D845A8 /* Meal+CoreDataClass.swift */,
				3714963D2B033D0100D845A8 /* Meal+CoreDataProperties.swift */,
				3714963E2B033D0100D845A8 /* DailyIntake+CoreDataClass.swift */,
				3714963F2B033D0100D845A8 /* DailyIntake+CoreDataProperties.swift */,
				371496402B033D0100D845A8 /* Ingredients+CoreDataClass.swift */,
				371496412B033D0100D845A8 /* Ingredients+CoreDataProperties.swift */,
				373AB1282B0131770006114B /* ExerciseLog+CoreDataClass.swift */,
				373AB1292B0131770006114B /* ExerciseLog+CoreDataProperties.swift */,
				373AB12A2B0131770006114B /* Exercise+CoreDataClass.swift */,
				373AB12B2B0131770006114B /* Exercise+CoreDataProperties.swift */,
				373AB1042B00C1560006114B /* Session+CoreDataClass.swift */,
				373AB1052B00C1560006114B /* Session+CoreDataProperties.swift */,
				37F919F72B008FD40031505E /* Location+CoreDataClass.swift */,
				37F919F82B008FD40031505E /* Location+CoreDataProperties.swift */,
				37F9A2D02AFE7AE8002775CE /* Set+CoreDataClass.swift */,
				37F9A2D12AFE7AE8002775CE /* Set+CoreDataProperties.swift */,
				37F9A2D42AFE7AE8002775CE /* Attempt+CoreDataClass.swift */,
				37F9A2D52AFE7AE8002775CE /* Attempt+CoreDataProperties.swift */,
				37F9A2D62AFE7AE8002775CE /* Climb+CoreDataClass.swift */,
				37F9A2D72AFE7AE8002775CE /* Climb+CoreDataProperties.swift */,
			);
			path = CoreDataClass;
			sourceTree = "<group>";
		};
		37F9A2E22AFE86E1002775CE /* Views */ = {
			isa = PBXGroup;
			children = (
				370D26CF2B051BE500F1F74A /* Routine */,
				371496372B033C0D00D845A8 /* Nutrition */,
				373AB1302B0137920006114B /* Sessions */,
				373AB1252B012F720006114B /* Setup Exercise */,
				373AB10E2B0120F50006114B /* Setup Climbing */,
				373AB1022B00A5600006114B /* SessionsView.swift */,
				373AB10F2B0121B80006114B /* NutritionView.swift */,
				37E043F72B02783B003D59C6 /* ExportView.swift */,
				373AB1112B0121E20006114B /* RoutineView.swift */,
				373AB1132B0122220006114B /* ExercicesView.swift */,
			);
			path = Views;
			sourceTree = "<group>";
		};
/* End PBXGroup section */

/* Begin PBXNativeTarget section */
		374688172AFCC4E000E06029 /* LifeRhythm */ = {
			isa = PBXNativeTarget;
			buildConfigurationList = 374688432AFCC4E300E06029 /* Build configuration list for PBXNativeTarget "LifeRhythm" */;
			buildPhases = (
				374688142AFCC4E000E06029 /* Sources */,
				374688152AFCC4E000E06029 /* Frameworks */,
				374688162AFCC4E000E06029 /* Resources */,
			);
			buildRules = (
			);
			dependencies = (
			);
			name = LifeRhythm;
			productName = LifeRhythm;
			productReference = 374688182AFCC4E000E06029 /* LifeRhythm.app */;
			productType = "com.apple.product-type.application";
		};
		3746882E2AFCC4E300E06029 /* LifeRhythmTests */ = {
			isa = PBXNativeTarget;
			buildConfigurationList = 374688462AFCC4E300E06029 /* Build configuration list for PBXNativeTarget "LifeRhythmTests" */;
			buildPhases = (
				3746882B2AFCC4E300E06029 /* Sources */,
				3746882C2AFCC4E300E06029 /* Frameworks */,
				3746882D2AFCC4E300E06029 /* Resources */,
			);
			buildRules = (
			);
			dependencies = (
				374688312AFCC4E300E06029 /* PBXTargetDependency */,
			);
			name = LifeRhythmTests;
			productName = LifeRhythmTests;
			productReference = 3746882F2AFCC4E300E06029 /* LifeRhythmTests.xctest */;
			productType = "com.apple.product-type.bundle.unit-test";
		};
		374688382AFCC4E300E06029 /* LifeRhythmUITests */ = {
			isa = PBXNativeTarget;
			buildConfigurationList = 374688492AFCC4E300E06029 /* Build configuration list for PBXNativeTarget "LifeRhythmUITests" */;
			buildPhases = (
				374688352AFCC4E300E06029 /* Sources */,
				374688362AFCC4E300E06029 /* Frameworks */,
				374688372AFCC4E300E06029 /* Resources */,
			);
			buildRules = (
			);
			dependencies = (
				3746883B2AFCC4E300E06029 /* PBXTargetDependency */,
			);
			name = LifeRhythmUITests;
			productName = LifeRhythmUITests;
			productReference = 374688392AFCC4E300E06029 /* LifeRhythmUITests.xctest */;
			productType = "com.apple.product-type.bundle.ui-testing";
		};
/* End PBXNativeTarget section */

/* Begin PBXProject section */
		374688102AFCC4E000E06029 /* Project object */ = {
			isa = PBXProject;
			attributes = {
				BuildIndependentTargetsInParallel = 1;
				LastSwiftUpdateCheck = 1500;
				LastUpgradeCheck = 1500;
				TargetAttributes = {
					374688172AFCC4E000E06029 = {
						CreatedOnToolsVersion = 15.0.1;
					};
					3746882E2AFCC4E300E06029 = {
						CreatedOnToolsVersion = 15.0.1;
						TestTargetID = 374688172AFCC4E000E06029;
					};
					374688382AFCC4E300E06029 = {
						CreatedOnToolsVersion = 15.0.1;
						TestTargetID = 374688172AFCC4E000E06029;
					};
				};
			};
			buildConfigurationList = 374688132AFCC4E000E06029 /* Build configuration list for PBXProject "LifeRhythm" */;
			compatibilityVersion = "Xcode 14.0";
			developmentRegion = en;
			hasScannedForEncodings = 0;
			knownRegions = (
				en,
				Base,
			);
			mainGroup = 3746880F2AFCC4E000E06029;
			productRefGroup = 374688192AFCC4E000E06029 /* Products */;
			projectDirPath = "";
			projectRoot = "";
			targets = (
				374688172AFCC4E000E06029 /* LifeRhythm */,
				3746882E2AFCC4E300E06029 /* LifeRhythmTests */,
				374688382AFCC4E300E06029 /* LifeRhythmUITests */,
			);
		};
/* End PBXProject section */

/* Begin PBXResourcesBuildPhase section */
		374688162AFCC4E000E06029 /* Resources */ = {
			isa = PBXResourcesBuildPhase;
			buildActionMask = 2147483647;
			files = (
				374688232AFCC4E200E06029 /* Preview Assets.xcassets in Resources */,
				374688202AFCC4E200E06029 /* Assets.xcassets in Resources */,
			);
			runOnlyForDeploymentPostprocessing = 0;
		};
		3746882D2AFCC4E300E06029 /* Resources */ = {
			isa = PBXResourcesBuildPhase;
			buildActionMask = 2147483647;
			files = (
			);
			runOnlyForDeploymentPostprocessing = 0;
		};
		374688372AFCC4E300E06029 /* Resources */ = {
			isa = PBXResourcesBuildPhase;
			buildActionMask = 2147483647;
			files = (
			);
			runOnlyForDeploymentPostprocessing = 0;
		};
/* End PBXResourcesBuildPhase section */

/* Begin PBXSourcesBuildPhase section */
		374688142AFCC4E000E06029 /* Sources */ = {
			isa = PBXSourcesBuildPhase;
			buildActionMask = 2147483647;
			files = (
				37E043FD2B028B6E003D59C6 /* exporter.swift in Sources */,
				37F919F62B00894F0031505E /* AddSetView.swift in Sources */,
				37F9A2E02AFE7AE8002775CE /* Climb+CoreDataClass.swift in Sources */,
				370D26D52B051CFD00F1F74A /* AddTaskView.swift in Sources */,
				37175CF22B03EC1900067261 /* MealView.swift in Sources */,
				374688252AFCC4E200E06029 /* Persistence.swift in Sources */,
				371496512B034DF500D845A8 /* AddMealView.swift in Sources */,
				3746881E2AFCC4E000E06029 /* ContentView.swift in Sources */,
				371496492B033DF300D845A8 /* AddIngredientView.swift in Sources */,
				370D26DB2B05223E00F1F74A /* TaskView.swift in Sources */,
				373CFE842B0C1988000BFE2B /* Task+CoreDataProperties.swift in Sources */,
				3746881C2AFCC4E000E06029 /* LifeRhythmApp.swift in Sources */,
				373AB1122B0121E20006114B /* RoutineView.swift in Sources */,
				373AB1062B00C1560006114B /* Session+CoreDataClass.swift in Sources */,
				373AB1272B01305F0006114B /* ExerciceView.swift in Sources */,
				371496452B033D0100D845A8 /* DailyIntake+CoreDataProperties.swift in Sources */,
				373AB1092B00C5370006114B /* AddSessionView.swift in Sources */,
				37F919F92B008FD40031505E /* Location+CoreDataClass.swift in Sources */,
				37F9A2E12AFE7AE8002775CE /* Climb+CoreDataProperties.swift in Sources */,
				373AB0FF2B009AE50006114B /* AddClimbView.swift in Sources */,
				373AB10D2B00D6EB0006114B /* Dateutils.swift in Sources */,
				373AB1142B0122220006114B /* ExercicesView.swift in Sources */,
				37F9A2E42AFE8723002775CE /* LocationsView.swift in Sources */,
				373AB1072B00C1560006114B /* Session+CoreDataProperties.swift in Sources */,
				373AB12C2B0131770006114B /* ExerciseLog+CoreDataClass.swift in Sources */,
				37E043F82B02783B003D59C6 /* ExportView.swift in Sources */,
				37F9A2DA2AFE7AE8002775CE /* Set+CoreDataClass.swift in Sources */,
				373AB12D2B0131770006114B /* ExerciseLog+CoreDataProperties.swift in Sources */,
				370D26D32B051C2800F1F74A /* LogTasksView.swift in Sources */,
				37F9A2DF2AFE7AE8002775CE /* Attempt+CoreDataProperties.swift in Sources */,
				373CFE832B0C1988000BFE2B /* Task+CoreDataClass.swift in Sources */,
				37F919FA2B008FD40031505E /* Location+CoreDataProperties.swift in Sources */,
				373AB10B2B00C7F40006114B /* ClimbSessionView.swift in Sources */,
				373AB11A2B0126200006114B /* CardioExercicesView.swift in Sources */,
				370D26DF2B05229900F1F74A /* TaskLogDayView.swift in Sources */,
				373AB1012B009B0A0006114B /* ClimbView.swift in Sources */,
				37F9A2DE2AFE7AE8002775CE /* Attempt+CoreDataClass.swift in Sources */,
				37F919EC2AFF15F50031505E /* AddLocationView.swift in Sources */,
				37F919F42B0087230031505E /* SetView.swift in Sources */,
				37F9A2DB2AFE7AE8002775CE /* Set+CoreDataProperties.swift in Sources */,
				373AB1182B0126160006114B /* LiftingExercicesView.swift in Sources */,
				371496392B033C2B00D845A8 /* IngredientSetupView.swift in Sources */,
				3714963B2B033C4600D845A8 /* IntakeLoggingView.swift in Sources */,
				374688282AFCC4E200E06029 /* LifeRhythm.xcdatamodeld in Sources */,
				37FCB56A2AFF112500A286CC /* LocationView.swift in Sources */,
				37E043FA2B027BA3003D59C6 /* JsonUtils.swift in Sources */,
				371496432B033D0100D845A8 /* Meal+CoreDataProperties.swift in Sources */,
				373AB12F2B0131770006114B /* Exercise+CoreDataProperties.swift in Sources */,
				373AB11C2B0127E40006114B /* AddExerciceView.swift in Sources */,
				373AB1342B013C4A0006114B /* WorkoutSessionView.swift in Sources */,
				3714964F2B0343B100D845A8 /* DailyIntakeView.swift in Sources */,
				371496422B033D0100D845A8 /* Meal+CoreDataClass.swift in Sources */,
				3714964D2B03436A00D845A8 /* AddDailyIntakeView.swift in Sources */,
				371496442B033D0100D845A8 /* DailyIntake+CoreDataClass.swift in Sources */,
				370D26D12B051C0B00F1F74A /* SetupTasksView.swift in Sources */,
				373AB12E2B0131770006114B /* Exercise+CoreDataClass.swift in Sources */,
				373AB1032B00A5600006114B /* SessionsView.swift in Sources */,
				370D26DD2B05224700F1F74A /* AddTaskLogDayView.swift in Sources */,
				373CFE7F2B0C1946000BFE2B /* TaskDay+CoreDataClass.swift in Sources */,
				373AB1322B013C1F0006114B /* SessionView.swift in Sources */,
				373CFE802B0C1946000BFE2B /* TaskDay+CoreDataProperties.swift in Sources */,
				3714964B2B0340B600D845A8 /* IngredientView.swift in Sources */,
				373AB1102B0121B80006114B /* NutritionView.swift in Sources */,
				373AB1162B0126040006114B /* ClimbingExercicesView.swift in Sources */,
				371496472B033D0100D845A8 /* Ingredients+CoreDataProperties.swift in Sources */,
				371496462B033D0100D845A8 /* Ingredients+CoreDataClass.swift in Sources */,
			);
			runOnlyForDeploymentPostprocessing = 0;
		};
		3746882B2AFCC4E300E06029 /* Sources */ = {
			isa = PBXSourcesBuildPhase;
			buildActionMask = 2147483647;
			files = (
				374688342AFCC4E300E06029 /* LifeRhythmTests.swift in Sources */,
			);
			runOnlyForDeploymentPostprocessing = 0;
		};
		374688352AFCC4E300E06029 /* Sources */ = {
			isa = PBXSourcesBuildPhase;
			buildActionMask = 2147483647;
			files = (
				374688402AFCC4E300E06029 /* LifeRhythmUITestsLaunchTests.swift in Sources */,
				3746883E2AFCC4E300E06029 /* LifeRhythmUITests.swift in Sources */,
			);
			runOnlyForDeploymentPostprocessing = 0;
		};
/* End PBXSourcesBuildPhase section */

/* Begin PBXTargetDependency section */
		374688312AFCC4E300E06029 /* PBXTargetDependency */ = {
			isa = PBXTargetDependency;
			target = 374688172AFCC4E000E06029 /* LifeRhythm */;
			targetProxy = 374688302AFCC4E300E06029 /* PBXContainerItemProxy */;
		};
		3746883B2AFCC4E300E06029 /* PBXTargetDependency */ = {
			isa = PBXTargetDependency;
			target = 374688172AFCC4E000E06029 /* LifeRhythm */;
			targetProxy = 3746883A2AFCC4E300E06029 /* PBXContainerItemProxy */;
		};
/* End PBXTargetDependency section */

/* Begin XCBuildConfiguration section */
		374688412AFCC4E300E06029 /* Debug */ = {
			isa = XCBuildConfiguration;
			buildSettings = {
				ALWAYS_SEARCH_USER_PATHS = NO;
				ASSETCATALOG_COMPILER_GENERATE_SWIFT_ASSET_SYMBOL_EXTENSIONS = YES;
				CLANG_ANALYZER_NONNULL = YES;
				CLANG_ANALYZER_NUMBER_OBJECT_CONVERSION = YES_AGGRESSIVE;
				CLANG_CXX_LANGUAGE_STANDARD = "gnu++20";
				CLANG_ENABLE_MODULES = YES;
				CLANG_ENABLE_OBJC_ARC = YES;
				CLANG_ENABLE_OBJC_WEAK = YES;
				CLANG_WARN_BLOCK_CAPTURE_AUTORELEASING = YES;
				CLANG_WARN_BOOL_CONVERSION = YES;
				CLANG_WARN_COMMA = YES;
				CLANG_WARN_CONSTANT_CONVERSION = YES;
				CLANG_WARN_DEPRECATED_OBJC_IMPLEMENTATIONS = YES;
				CLANG_WARN_DIRECT_OBJC_ISA_USAGE = YES_ERROR;
				CLANG_WARN_DOCUMENTATION_COMMENTS = YES;
				CLANG_WARN_EMPTY_BODY = YES;
				CLANG_WARN_ENUM_CONVERSION = YES;
				CLANG_WARN_INFINITE_RECURSION = YES;
				CLANG_WARN_INT_CONVERSION = YES;
				CLANG_WARN_NON_LITERAL_NULL_CONVERSION = YES;
				CLANG_WARN_OBJC_IMPLICIT_RETAIN_SELF = YES;
				CLANG_WARN_OBJC_LITERAL_CONVERSION = YES;
				CLANG_WARN_OBJC_ROOT_CLASS = YES_ERROR;
				CLANG_WARN_QUOTED_INCLUDE_IN_FRAMEWORK_HEADER = YES;
				CLANG_WARN_RANGE_LOOP_ANALYSIS = YES;
				CLANG_WARN_STRICT_PROTOTYPES = YES;
				CLANG_WARN_SUSPICIOUS_MOVE = YES;
				CLANG_WARN_UNGUARDED_AVAILABILITY = YES_AGGRESSIVE;
				CLANG_WARN_UNREACHABLE_CODE = YES;
				CLANG_WARN__DUPLICATE_METHOD_MATCH = YES;
				COPY_PHASE_STRIP = NO;
				DEBUG_INFORMATION_FORMAT = dwarf;
				ENABLE_STRICT_OBJC_MSGSEND = YES;
				ENABLE_TESTABILITY = YES;
				ENABLE_USER_SCRIPT_SANDBOXING = YES;
				GCC_C_LANGUAGE_STANDARD = gnu17;
				GCC_DYNAMIC_NO_PIC = NO;
				GCC_NO_COMMON_BLOCKS = YES;
				GCC_OPTIMIZATION_LEVEL = 0;
				GCC_PREPROCESSOR_DEFINITIONS = (
					"DEBUG=1",
					"$(inherited)",
				);
				GCC_WARN_64_TO_32_BIT_CONVERSION = YES;
				GCC_WARN_ABOUT_RETURN_TYPE = YES_ERROR;
				GCC_WARN_UNDECLARED_SELECTOR = YES;
				GCC_WARN_UNINITIALIZED_AUTOS = YES_AGGRESSIVE;
				GCC_WARN_UNUSED_FUNCTION = YES;
				GCC_WARN_UNUSED_VARIABLE = YES;
				IPHONEOS_DEPLOYMENT_TARGET = 17.0;
				LOCALIZATION_PREFERS_STRING_CATALOGS = YES;
				MTL_ENABLE_DEBUG_INFO = INCLUDE_SOURCE;
				MTL_FAST_MATH = YES;
				ONLY_ACTIVE_ARCH = YES;
				SDKROOT = iphoneos;
				SWIFT_ACTIVE_COMPILATION_CONDITIONS = "DEBUG $(inherited)";
				SWIFT_OPTIMIZATION_LEVEL = "-Onone";
			};
			name = Debug;
		};
		374688422AFCC4E300E06029 /* Release */ = {
			isa = XCBuildConfiguration;
			buildSettings = {
				ALWAYS_SEARCH_USER_PATHS = NO;
				ASSETCATALOG_COMPILER_GENERATE_SWIFT_ASSET_SYMBOL_EXTENSIONS = YES;
				CLANG_ANALYZER_NONNULL = YES;
				CLANG_ANALYZER_NUMBER_OBJECT_CONVERSION = YES_AGGRESSIVE;
				CLANG_CXX_LANGUAGE_STANDARD = "gnu++20";
				CLANG_ENABLE_MODULES = YES;
				CLANG_ENABLE_OBJC_ARC = YES;
				CLANG_ENABLE_OBJC_WEAK = YES;
				CLANG_WARN_BLOCK_CAPTURE_AUTORELEASING = YES;
				CLANG_WARN_BOOL_CONVERSION = YES;
				CLANG_WARN_COMMA = YES;
				CLANG_WARN_CONSTANT_CONVERSION = YES;
				CLANG_WARN_DEPRECATED_OBJC_IMPLEMENTATIONS = YES;
				CLANG_WARN_DIRECT_OBJC_ISA_USAGE = YES_ERROR;
				CLANG_WARN_DOCUMENTATION_COMMENTS = YES;
				CLANG_WARN_EMPTY_BODY = YES;
				CLANG_WARN_ENUM_CONVERSION = YES;
				CLANG_WARN_INFINITE_RECURSION = YES;
				CLANG_WARN_INT_CONVERSION = YES;
				CLANG_WARN_NON_LITERAL_NULL_CONVERSION = YES;
				CLANG_WARN_OBJC_IMPLICIT_RETAIN_SELF = YES;
				CLANG_WARN_OBJC_LITERAL_CONVERSION = YES;
				CLANG_WARN_OBJC_ROOT_CLASS = YES_ERROR;
				CLANG_WARN_QUOTED_INCLUDE_IN_FRAMEWORK_HEADER = YES;
				CLANG_WARN_RANGE_LOOP_ANALYSIS = YES;
				CLANG_WARN_STRICT_PROTOTYPES = YES;
				CLANG_WARN_SUSPICIOUS_MOVE = YES;
				CLANG_WARN_UNGUARDED_AVAILABILITY = YES_AGGRESSIVE;
				CLANG_WARN_UNREACHABLE_CODE = YES;
				CLANG_WARN__DUPLICATE_METHOD_MATCH = YES;
				COPY_PHASE_STRIP = NO;
				DEBUG_INFORMATION_FORMAT = "dwarf-with-dsym";
				ENABLE_NS_ASSERTIONS = NO;
				ENABLE_STRICT_OBJC_MSGSEND = YES;
				ENABLE_USER_SCRIPT_SANDBOXING = YES;
				GCC_C_LANGUAGE_STANDARD = gnu17;
				GCC_NO_COMMON_BLOCKS = YES;
				GCC_WARN_64_TO_32_BIT_CONVERSION = YES;
				GCC_WARN_ABOUT_RETURN_TYPE = YES_ERROR;
				GCC_WARN_UNDECLARED_SELECTOR = YES;
				GCC_WARN_UNINITIALIZED_AUTOS = YES_AGGRESSIVE;
				GCC_WARN_UNUSED_FUNCTION = YES;
				GCC_WARN_UNUSED_VARIABLE = YES;
				IPHONEOS_DEPLOYMENT_TARGET = 17.0;
				LOCALIZATION_PREFERS_STRING_CATALOGS = YES;
				MTL_ENABLE_DEBUG_INFO = NO;
				MTL_FAST_MATH = YES;
				SDKROOT = iphoneos;
				SWIFT_COMPILATION_MODE = wholemodule;
				VALIDATE_PRODUCT = YES;
			};
			name = Release;
		};
		374688442AFCC4E300E06029 /* Debug */ = {
			isa = XCBuildConfiguration;
			buildSettings = {
				ASSETCATALOG_COMPILER_APPICON_NAME = AppIcon;
				ASSETCATALOG_COMPILER_GLOBAL_ACCENT_COLOR_NAME = AccentColor;
				CODE_SIGN_ENTITLEMENTS = LifeRhythm/LifeRhythm.entitlements;
				CODE_SIGN_STYLE = Automatic;
				CURRENT_PROJECT_VERSION = 1;
				DEVELOPMENT_ASSET_PATHS = "\"LifeRhythm/Preview Content\"";
				DEVELOPMENT_TEAM = BY5222LM27;
				ENABLE_PREVIEWS = YES;
				GENERATE_INFOPLIST_FILE = YES;
				INFOPLIST_FILE = LifeRhythm/Info.plist;
				INFOPLIST_KEY_UIApplicationSceneManifest_Generation = YES;
				INFOPLIST_KEY_UIApplicationSupportsIndirectInputEvents = YES;
				INFOPLIST_KEY_UILaunchScreen_Generation = YES;
				INFOPLIST_KEY_UISupportedInterfaceOrientations_iPad = "UIInterfaceOrientationPortrait UIInterfaceOrientationPortraitUpsideDown UIInterfaceOrientationLandscapeLeft UIInterfaceOrientationLandscapeRight";
				INFOPLIST_KEY_UISupportedInterfaceOrientations_iPhone = "UIInterfaceOrientationPortrait UIInterfaceOrientationLandscapeLeft UIInterfaceOrientationLandscapeRight";
				IPHONEOS_DEPLOYMENT_TARGET = 16.0;
				LD_RUNPATH_SEARCH_PATHS = (
					"$(inherited)",
					"@executable_path/Frameworks",
				);
				MARKETING_VERSION = 1.0;
				PRODUCT_BUNDLE_IDENTIFIER = "louis-takumi.LifeRhythm";
				PRODUCT_NAME = "$(TARGET_NAME)";
				SWIFT_EMIT_LOC_STRINGS = YES;
				SWIFT_VERSION = 5.0;
				TARGETED_DEVICE_FAMILY = "1,2";
			};
			name = Debug;
		};
		374688452AFCC4E300E06029 /* Release */ = {
			isa = XCBuildConfiguration;
			buildSettings = {
				ASSETCATALOG_COMPILER_APPICON_NAME = AppIcon;
				ASSETCATALOG_COMPILER_GLOBAL_ACCENT_COLOR_NAME = AccentColor;
				CODE_SIGN_ENTITLEMENTS = LifeRhythm/LifeRhythm.entitlements;
				CODE_SIGN_STYLE = Automatic;
				CURRENT_PROJECT_VERSION = 1;
				DEVELOPMENT_ASSET_PATHS = "\"LifeRhythm/Preview Content\"";
				DEVELOPMENT_TEAM = BY5222LM27;
				ENABLE_PREVIEWS = YES;
				GENERATE_INFOPLIST_FILE = YES;
				INFOPLIST_FILE = LifeRhythm/Info.plist;
				INFOPLIST_KEY_UIApplicationSceneManifest_Generation = YES;
				INFOPLIST_KEY_UIApplicationSupportsIndirectInputEvents = YES;
				INFOPLIST_KEY_UILaunchScreen_Generation = YES;
				INFOPLIST_KEY_UISupportedInterfaceOrientations_iPad = "UIInterfaceOrientationPortrait UIInterfaceOrientationPortraitUpsideDown UIInterfaceOrientationLandscapeLeft UIInterfaceOrientationLandscapeRight";
				INFOPLIST_KEY_UISupportedInterfaceOrientations_iPhone = "UIInterfaceOrientationPortrait UIInterfaceOrientationLandscapeLeft UIInterfaceOrientationLandscapeRight";
				IPHONEOS_DEPLOYMENT_TARGET = 16.0;
				LD_RUNPATH_SEARCH_PATHS = (
					"$(inherited)",
					"@executable_path/Frameworks",
				);
				MARKETING_VERSION = 1.0;
				PRODUCT_BUNDLE_IDENTIFIER = "louis-takumi.LifeRhythm";
				PRODUCT_NAME = "$(TARGET_NAME)";
				SWIFT_EMIT_LOC_STRINGS = YES;
				SWIFT_VERSION = 5.0;
				TARGETED_DEVICE_FAMILY = "1,2";
			};
			name = Release;
		};
		374688472AFCC4E300E06029 /* Debug */ = {
			isa = XCBuildConfiguration;
			buildSettings = {
				ALWAYS_EMBED_SWIFT_STANDARD_LIBRARIES = YES;
				BUNDLE_LOADER = "$(TEST_HOST)";
				CODE_SIGN_STYLE = Automatic;
				CURRENT_PROJECT_VERSION = 1;
				DEVELOPMENT_TEAM = BY5222LM27;
				GENERATE_INFOPLIST_FILE = YES;
				IPHONEOS_DEPLOYMENT_TARGET = 17.0;
				MARKETING_VERSION = 1.0;
				PRODUCT_BUNDLE_IDENTIFIER = "louis-takumi.LifeRhythmTests";
				PRODUCT_NAME = "$(TARGET_NAME)";
				SWIFT_EMIT_LOC_STRINGS = NO;
				SWIFT_VERSION = 5.0;
				TARGETED_DEVICE_FAMILY = "1,2";
				TEST_HOST = "$(BUILT_PRODUCTS_DIR)/LifeRhythm.app/$(BUNDLE_EXECUTABLE_FOLDER_PATH)/LifeRhythm";
			};
			name = Debug;
		};
		374688482AFCC4E300E06029 /* Release */ = {
			isa = XCBuildConfiguration;
			buildSettings = {
				ALWAYS_EMBED_SWIFT_STANDARD_LIBRARIES = YES;
				BUNDLE_LOADER = "$(TEST_HOST)";
				CODE_SIGN_STYLE = Automatic;
				CURRENT_PROJECT_VERSION = 1;
				DEVELOPMENT_TEAM = BY5222LM27;
				GENERATE_INFOPLIST_FILE = YES;
				IPHONEOS_DEPLOYMENT_TARGET = 17.0;
				MARKETING_VERSION = 1.0;
				PRODUCT_BUNDLE_IDENTIFIER = "louis-takumi.LifeRhythmTests";
				PRODUCT_NAME = "$(TARGET_NAME)";
				SWIFT_EMIT_LOC_STRINGS = NO;
				SWIFT_VERSION = 5.0;
				TARGETED_DEVICE_FAMILY = "1,2";
				TEST_HOST = "$(BUILT_PRODUCTS_DIR)/LifeRhythm.app/$(BUNDLE_EXECUTABLE_FOLDER_PATH)/LifeRhythm";
			};
			name = Release;
		};
		3746884A2AFCC4E300E06029 /* Debug */ = {
			isa = XCBuildConfiguration;
			buildSettings = {
				ALWAYS_EMBED_SWIFT_STANDARD_LIBRARIES = YES;
				CODE_SIGN_STYLE = Automatic;
				CURRENT_PROJECT_VERSION = 1;
				DEVELOPMENT_TEAM = BY5222LM27;
				GENERATE_INFOPLIST_FILE = YES;
				MARKETING_VERSION = 1.0;
				PRODUCT_BUNDLE_IDENTIFIER = "louis-takumi.LifeRhythmUITests";
				PRODUCT_NAME = "$(TARGET_NAME)";
				SWIFT_EMIT_LOC_STRINGS = NO;
				SWIFT_VERSION = 5.0;
				TARGETED_DEVICE_FAMILY = "1,2";
				TEST_TARGET_NAME = LifeRhythm;
			};
			name = Debug;
		};
		3746884B2AFCC4E300E06029 /* Release */ = {
			isa = XCBuildConfiguration;
			buildSettings = {
				ALWAYS_EMBED_SWIFT_STANDARD_LIBRARIES = YES;
				CODE_SIGN_STYLE = Automatic;
				CURRENT_PROJECT_VERSION = 1;
				DEVELOPMENT_TEAM = BY5222LM27;
				GENERATE_INFOPLIST_FILE = YES;
				MARKETING_VERSION = 1.0;
				PRODUCT_BUNDLE_IDENTIFIER = "louis-takumi.LifeRhythmUITests";
				PRODUCT_NAME = "$(TARGET_NAME)";
				SWIFT_EMIT_LOC_STRINGS = NO;
				SWIFT_VERSION = 5.0;
				TARGETED_DEVICE_FAMILY = "1,2";
				TEST_TARGET_NAME = LifeRhythm;
			};
			name = Release;
		};
/* End XCBuildConfiguration section */

/* Begin XCConfigurationList section */
		374688132AFCC4E000E06029 /* Build configuration list for PBXProject "LifeRhythm" */ = {
			isa = XCConfigurationList;
			buildConfigurations = (
				374688412AFCC4E300E06029 /* Debug */,
				374688422AFCC4E300E06029 /* Release */,
			);
			defaultConfigurationIsVisible = 0;
			defaultConfigurationName = Release;
		};
		374688432AFCC4E300E06029 /* Build configuration list for PBXNativeTarget "LifeRhythm" */ = {
			isa = XCConfigurationList;
			buildConfigurations = (
				374688442AFCC4E300E06029 /* Debug */,
				374688452AFCC4E300E06029 /* Release */,
			);
			defaultConfigurationIsVisible = 0;
			defaultConfigurationName = Release;
		};
		374688462AFCC4E300E06029 /* Build configuration list for PBXNativeTarget "LifeRhythmTests" */ = {
			isa = XCConfigurationList;
			buildConfigurations = (
				374688472AFCC4E300E06029 /* Debug */,
				374688482AFCC4E300E06029 /* Release */,
			);
			defaultConfigurationIsVisible = 0;
			defaultConfigurationName = Release;
		};
		374688492AFCC4E300E06029 /* Build configuration list for PBXNativeTarget "LifeRhythmUITests" */ = {
			isa = XCConfigurationList;
			buildConfigurations = (
				3746884A2AFCC4E300E06029 /* Debug */,
				3746884B2AFCC4E300E06029 /* Release */,
			);
			defaultConfigurationIsVisible = 0;
			defaultConfigurationName = Release;
		};
/* End XCConfigurationList section */

/* Begin XCVersionGroup section */
		374688262AFCC4E200E06029 /* LifeRhythm.xcdatamodeld */ = {
			isa = XCVersionGroup;
			children = (
				37E043FB2B028506003D59C6 /* LifeRhythm2.xcdatamodel */,
				374688272AFCC4E200E06029 /* LifeRhythm.xcdatamodel */,
			);
			currentVersion = 374688272AFCC4E200E06029 /* LifeRhythm.xcdatamodel */;
			path = LifeRhythm.xcdatamodeld;
			sourceTree = "<group>";
			versionGroupType = wrapper.xcdatamodel;
		};
/* End XCVersionGroup section */
	};
	rootObject = 374688102AFCC4E000E06029 /* Project object */;
}
